
Microsoft Visual Studio Solution File, Format Version 12.00
# Visual Studio 15
Project("{FAE04EC0-301F-11D3-BF4B-00C04F79EFBC}") = "Unity.Timeline", "Unity.Timeline.csproj", "{B34F330F-D6E4-7AE3-3EE0-1FC856077891}"
EndProject
Project("{FAE04EC0-301F-11D3-BF4B-00C04F79EFBC}") = "Unity.Timeline.Editor", "Unity.Timeline.Editor.csproj", "{13EEBD54-41D6-C0F1-A04D-5EE266910080}"
EndProject
Project("{FAE04EC0-301F-11D3-BF4B-00C04F79EFBC}") = "Unity.TextMeshPro.Editor", "Unity.TextMeshPro.Editor.csproj", "{8199BC53-35BD-D16A-9802-32DF8B40AB85}"
EndProject
Project("{FAE04EC0-301F-11D3-BF4B-00C04F79EFBC}") = "Unity.VisualScripting.Flow", "Unity.VisualScripting.Flow.csproj", "{732E7D76-5FC1-66CF-B509-0566A5208F51}"
EndProject
Project("{FAE04EC0-301F-11D3-BF4B-00C04F79EFBC}") = "UnityEditor.UI", "UnityEditor.UI.csproj", "{E9B9C38E-6A69-61DA-D675-7C378885ECD2}"
EndProject
Project("{FAE04EC0-301F-11D3-BF4B-00C04F79EFBC}") = "Unity.PlasticSCM.Editor", "Unity.PlasticSCM.Editor.csproj", "{5AD1BF34-35F0-183B-E5B8-76D15712E3BF}"
EndProject
Project("{FAE04EC0-301F-11D3-BF4B-00C04F79EFBC}") = "Unity.VisualScripting.Core", "Unity.VisualScripting.Core.csproj", "{D5C30587-F2BE-A4A6-A61E-8D3F81941AA7}"
EndProject
Project("{FAE04EC0-301F-11D3-BF4B-00C04F79EFBC}") = "Unity.VisualScripting.Core.Editor", "Unity.VisualScripting.Core.Editor.csproj", "{49A3D68F-17F6-C771-B946-0983448F884C}"
EndProject
Project("{FAE04EC0-301F-11D3-BF4B-00C04F79EFBC}") = "Unity.VisualScripting.Flow.Editor", "Unity.VisualScripting.Flow.Editor.csproj", "{DF8F4141-9EA9-DFF6-2FD4-C724846A7513}"
EndProject
Project("{FAE04EC0-301F-11D3-BF4B-00C04F79EFBC}") = "UnityEditor.TestRunner", "UnityEditor.TestRunner.csproj", "{B099470C-7E82-760F-C570-AF67B8047F36}"
EndProject
Project("{FAE04EC0-301F-11D3-BF4B-00C04F79EFBC}") = "Unity.VisualScripting.SettingsProvider.Editor", "Unity.VisualScripting.SettingsProvider.Editor.csproj", "{424A9150-9FEA-5842-5E11-C1C054A84A25}"
EndProject
Project("{FAE04EC0-301F-11D3-BF4B-00C04F79EFBC}") = "UnityEngine.TestRunner", "UnityEngine.TestRunner.csproj", "{8C4E81E3-66DF-8FB4-D29F-9AD86D7AB2E6}"
EndProject
Project("{FAE04EC0-301F-11D3-BF4B-00C04F79EFBC}") = "UnityEngine.UI", "UnityEngine.UI.csproj", "{9A166476-EFD1-49A7-286E-212F1091CD7E}"
EndProject
Project("{FAE04EC0-301F-11D3-BF4B-00C04F79EFBC}") = "Unity.VisualStudio.Editor", "Unity.VisualStudio.Editor.csproj", "{73B820B0-82F1-E7C9-C661-6BF14B5B2DA1}"
EndProject
Project("{FAE04EC0-301F-11D3-BF4B-00C04F79EFBC}") = "Unity.TestTools.CodeCoverage.Editor.OpenCover.Model", "Unity.TestTools.CodeCoverage.Editor.OpenCover.Model.csproj", "{39DF82C4-CC59-6382-9212-C45016B5B1DF}"
EndProject
Project("{FAE04EC0-301F-11D3-BF4B-00C04F79EFBC}") = "Unity.Rider.Editor", "Unity.Rider.Editor.csproj", "{CFE05D80-FC1F-FF5D-7D69-D1869FD51641}"
EndProject
Project("{FAE04EC0-301F-11D3-BF4B-00C04F79EFBC}") = "Unity.VisualScripting.State.Editor", "Unity.VisualScripting.State.Editor.csproj", "{B6447604-0085-1587-A685-50F51FD8DC9D}"
EndProject
Project("{FAE04EC0-301F-11D3-BF4B-00C04F79EFBC}") = "Unity.TestTools.CodeCoverage.Editor", "Unity.TestTools.CodeCoverage.Editor.csproj", "{BE9F8B10-F7D5-2737-175A-2A4CC69A4750}"
EndProject
Project("{FAE04EC0-301F-11D3-BF4B-00C04F79EFBC}") = "Unity.VisualScripting.State", "Unity.VisualScripting.State.csproj", "{38E5FA5C-28EC-E666-DCD0-62449CC2C501}"
EndProject
Project("{FAE04EC0-301F-11D3-BF4B-00C04F79EFBC}") = "Unity.TextMeshPro", "Unity.TextMeshPro.csproj", "{ED177957-83D0-5CFC-AEAD-2FD6E518BE92}"
EndProject
Project("{FAE04EC0-301F-11D3-BF4B-00C04F79EFBC}") = "Unity.Performance.Profile-Analyzer.Editor", "Unity.Performance.Profile-Analyzer.Editor.csproj", "{D3D7954C-947B-9478-6C4E-BB06B21C0977}"
EndProject
Project("{FAE04EC0-301F-11D3-BF4B-00C04F79EFBC}") = "Assembly-CSharp", "Assembly-CSharp.csproj", "{B86A6AA4-7C17-AC6F-4ACA-45540F67476F}"
EndProject
Project("{FAE04EC0-301F-11D3-BF4B-00C04F79EFBC}") = "Unity.VSCode.Editor", "Unity.VSCode.Editor.csproj", "{C819761D-A1F5-9B74-4F1A-B4B81FB3125A}"
EndProject
Project("{FAE04EC0-301F-11D3-BF4B-00C04F79EFBC}") = "Unity.TestTools.CodeCoverage.Editor.OpenCover.Mono.Reflection", "Unity.TestTools.CodeCoverage.Editor.OpenCover.Mono.Reflection.csproj", "{E6861F71-3D8B-CF8C-430B-DAA3ECA27814}"
EndProject
Project("{FAE04EC0-301F-11D3-BF4B-00C04F79EFBC}") = "Unity.Settings.Editor", "Unity.Settings.Editor.csproj", "{0E12ECD0-EF10-AE9E-00E1-08FDD2D694A8}"
EndProject
Project("{FAE04EC0-301F-11D3-BF4B-00C04F79EFBC}") = "Unity.EditorCoroutines.Editor", "Unity.EditorCoroutines.Editor.csproj", "{CBC9F0A9-3D58-BB77-AA86-6E248FAF0D70}"
EndProject
Project("{FAE04EC0-301F-11D3-BF4B-00C04F79EFBC}") = "Unity.VisualScripting.Shared.Editor", "Unity.VisualScripting.Shared.Editor.csproj", "{86BC122F-91E8-39DD-CDBE-CC2FAA4ACD98}"
EndProject
Project("{FAE04EC0-301F-11D3-BF4B-00C04F79EFBC}") = "Unity.CollabProxy.Editor", "Unity.CollabProxy.Editor.csproj", "{C23ED291-8A1B-8A0B-4F99-A0923D8C0837}"
EndProject
Project("{FAE04EC0-301F-11D3-BF4B-00C04F79EFBC}") = "Unity.Timeline", "Unity.Timeline.Player.csproj", "{20476858-5D0B-23D7-A1D4-B46F485FE0A3}"
EndProject
Project("{FAE04EC0-301F-11D3-BF4B-00C04F79EFBC}") = "Unity.VisualScripting.Flow", "Unity.VisualScripting.Flow.Player.csproj", "{1B5FB96E-F789-82E6-A27D-18B4AB80A860}"
EndProject
Project("{FAE04EC0-301F-11D3-BF4B-00C04F79EFBC}") = "Unity.VisualScripting.Core", "Unity.VisualScripting.Core.Player.csproj", "{5E6A0CCA-9BD7-7654-07B4-5767B9B7CBD4}"
EndProject
Project("{FAE04EC0-301F-11D3-BF4B-00C04F79EFBC}") = "UnityEngine.TestRunner", "UnityEngine.TestRunner.Player.csproj", "{FB31476F-CBBE-2010-A561-27B9C28CABD8}"
EndProject
Project("{FAE04EC0-301F-11D3-BF4B-00C04F79EFBC}") = "UnityEngine.UI", "UnityEngine.UI.Player.csproj", "{7063C550-41C9-E7D3-3136-D7A14AF34780}"
EndProject
Project("{FAE04EC0-301F-11D3-BF4B-00C04F79EFBC}") = "Unity.VisualScripting.State", "Unity.VisualScripting.State.Player.csproj", "{27B400D6-016E-7606-7BE1-3135B378B9C3}"
EndProject
Project("{FAE04EC0-301F-11D3-BF4B-00C04F79EFBC}") = "Unity.TextMeshPro", "Unity.TextMeshPro.Player.csproj", "{D1FC8D73-EE82-6C71-E49C-F470691D45CD}"
EndProject
Project("{FAE04EC0-301F-11D3-BF4B-00C04F79EFBC}") = "Assembly-CSharp", "Assembly-CSharp.Player.csproj", "{D1D5E923-8E9E-67E1-D77A-AA5D206302D4}"
EndProject
Global
	GlobalSection(SolutionConfigurationPlatforms) = preSolution
		Debug|Any CPU = Debug|Any CPU
		Release|Any CPU = Release|Any CPU
	EndGlobalSection
	GlobalSection(ProjectConfigurationPlatforms) = postSolution
		{B34F330F-D6E4-7AE3-3EE0-1FC856077891}.Debug|Any CPU.ActiveCfg = Debug|Any CPU
		{B34F330F-D6E4-7AE3-3EE0-1FC856077891}.Debug|Any CPU.Build.0 = Debug|Any CPU
		{B34F330F-D6E4-7AE3-3EE0-1FC856077891}.Release|Any CPU.ActiveCfg = Release|Any CPU
		{B34F330F-D6E4-7AE3-3EE0-1FC856077891}.Release|Any CPU.Build.0 = Release|Any CPU
		{13EEBD54-41D6-C0F1-A04D-5EE266910080}.Debug|Any CPU.ActiveCfg = Debug|Any CPU
		{13EEBD54-41D6-C0F1-A04D-5EE266910080}.Debug|Any CPU.Build.0 = Debug|Any CPU
		{13EEBD54-41D6-C0F1-A04D-5EE266910080}.Release|Any CPU.ActiveCfg = Release|Any CPU
		{13EEBD54-41D6-C0F1-A04D-5EE266910080}.Release|Any CPU.Build.0 = Release|Any CPU
		{8199BC53-35BD-D16A-9802-32DF8B40AB85}.Debug|Any CPU.ActiveCfg = Debug|Any CPU
		{8199BC53-35BD-D16A-9802-32DF8B40AB85}.Debug|Any CPU.Build.0 = Debug|Any CPU
		{8199BC53-35BD-D16A-9802-32DF8B40AB85}.Release|Any CPU.ActiveCfg = Release|Any CPU
		{8199BC53-35BD-D16A-9802-32DF8B40AB85}.Release|Any CPU.Build.0 = Release|Any CPU
		{732E7D76-5FC1-66CF-B509-0566A5208F51}.Debug|Any CPU.ActiveCfg = Debug|Any CPU
		{732E7D76-5FC1-66CF-B509-0566A5208F51}.Debug|Any CPU.Build.0 = Debug|Any CPU
		{732E7D76-5FC1-66CF-B509-0566A5208F51}.Release|Any CPU.ActiveCfg = Release|Any CPU
		{732E7D76-5FC1-66CF-B509-0566A5208F51}.Release|Any CPU.Build.0 = Release|Any CPU
		{E9B9C38E-6A69-61DA-D675-7C378885ECD2}.Debug|Any CPU.ActiveCfg = Debug|Any CPU
		{E9B9C38E-6A69-61DA-D675-7C378885ECD2}.Debug|Any CPU.Build.0 = Debug|Any CPU
		{E9B9C38E-6A69-61DA-D675-7C378885ECD2}.Release|Any CPU.ActiveCfg = Release|Any CPU
		{E9B9C38E-6A69-61DA-D675-7C378885ECD2}.Release|Any CPU.Build.0 = Release|Any CPU
		{5AD1BF34-35F0-183B-E5B8-76D15712E3BF}.Debug|Any CPU.ActiveCfg = Debug|Any CPU
		{5AD1BF34-35F0-183B-E5B8-76D15712E3BF}.Debug|Any CPU.Build.0 = Debug|Any CPU
		{5AD1BF34-35F0-183B-E5B8-76D15712E3BF}.Release|Any CPU.ActiveCfg = Release|Any CPU
		{5AD1BF34-35F0-183B-E5B8-76D15712E3BF}.Release|Any CPU.Build.0 = Release|Any CPU
		{D5C30587-F2BE-A4A6-A61E-8D3F81941AA7}.Debug|Any CPU.ActiveCfg = Debug|Any CPU
		{D5C30587-F2BE-A4A6-A61E-8D3F81941AA7}.Debug|Any CPU.Build.0 = Debug|Any CPU
		{D5C30587-F2BE-A4A6-A61E-8D3F81941AA7}.Release|Any CPU.ActiveCfg = Release|Any CPU
		{D5C30587-F2BE-A4A6-A61E-8D3F81941AA7}.Release|Any CPU.Build.0 = Release|Any CPU
		{49A3D68F-17F6-C771-B946-0983448F884C}.Debug|Any CPU.ActiveCfg = Debug|Any CPU
		{49A3D68F-17F6-C771-B946-0983448F884C}.Debug|Any CPU.Build.0 = Debug|Any CPU
		{49A3D68F-17F6-C771-B946-0983448F884C}.Release|Any CPU.ActiveCfg = Release|Any CPU
		{49A3D68F-17F6-C771-B946-0983448F884C}.Release|Any CPU.Build.0 = Release|Any CPU
		{DF8F4141-9EA9-DFF6-2FD4-C724846A7513}.Debug|Any CPU.ActiveCfg = Debug|Any CPU
		{DF8F4141-9EA9-DFF6-2FD4-C724846A7513}.Debug|Any CPU.Build.0 = Debug|Any CPU
		{DF8F4141-9EA9-DFF6-2FD4-C724846A7513}.Release|Any CPU.ActiveCfg = Release|Any CPU
		{DF8F4141-9EA9-DFF6-2FD4-C724846A7513}.Release|Any CPU.Build.0 = Release|Any CPU
		{B099470C-7E82-760F-C570-AF67B8047F36}.Debug|Any CPU.ActiveCfg = Debug|Any CPU
		{B099470C-7E82-760F-C570-AF67B8047F36}.Debug|Any CPU.Build.0 = Debug|Any CPU
		{B099470C-7E82-760F-C570-AF67B8047F36}.Release|Any CPU.ActiveCfg = Release|Any CPU
		{B099470C-7E82-760F-C570-AF67B8047F36}.Release|Any CPU.Build.0 = Release|Any CPU
		{424A9150-9FEA-5842-5E11-C1C054A84A25}.Debug|Any CPU.ActiveCfg = Debug|Any CPU
		{424A9150-9FEA-5842-5E11-C1C054A84A25}.Debug|Any CPU.Build.0 = Debug|Any CPU
		{424A9150-9FEA-5842-5E11-C1C054A84A25}.Release|Any CPU.ActiveCfg = Release|Any CPU
		{424A9150-9FEA-5842-5E11-C1C054A84A25}.Release|Any CPU.Build.0 = Release|Any CPU
		{8C4E81E3-66DF-8FB4-D29F-9AD86D7AB2E6}.Debug|Any CPU.ActiveCfg = Debug|Any CPU
		{8C4E81E3-66DF-8FB4-D29F-9AD86D7AB2E6}.Debug|Any CPU.Build.0 = Debug|Any CPU
		{8C4E81E3-66DF-8FB4-D29F-9AD86D7AB2E6}.Release|Any CPU.ActiveCfg = Release|Any CPU
		{8C4E81E3-66DF-8FB4-D29F-9AD86D7AB2E6}.Release|Any CPU.Build.0 = Release|Any CPU
		{9A166476-EFD1-49A7-286E-212F1091CD7E}.Debug|Any CPU.ActiveCfg = Debug|Any CPU
		{9A166476-EFD1-49A7-286E-212F1091CD7E}.Debug|Any CPU.Build.0 = Debug|Any CPU
		{9A166476-EFD1-49A7-286E-212F1091CD7E}.Release|Any CPU.ActiveCfg = Release|Any CPU
		{9A166476-EFD1-49A7-286E-212F1091CD7E}.Release|Any CPU.Build.0 = Release|Any CPU
		{73B820B0-82F1-E7C9-C661-6BF14B5B2DA1}.Debug|Any CPU.ActiveCfg = Debug|Any CPU
		{73B820B0-82F1-E7C9-C661-6BF14B5B2DA1}.Debug|Any CPU.Build.0 = Debug|Any CPU
		{73B820B0-82F1-E7C9-C661-6BF14B5B2DA1}.Release|Any CPU.ActiveCfg = Release|Any CPU
		{73B820B0-82F1-E7C9-C661-6BF14B5B2DA1}.Release|Any CPU.Build.0 = Release|Any CPU
		{39DF82C4-CC59-6382-9212-C45016B5B1DF}.Debug|Any CPU.ActiveCfg = Debug|Any CPU
		{39DF82C4-CC59-6382-9212-C45016B5B1DF}.Debug|Any CPU.Build.0 = Debug|Any CPU
		{39DF82C4-CC59-6382-9212-C45016B5B1DF}.Release|Any CPU.ActiveCfg = Release|Any CPU
		{39DF82C4-CC59-6382-9212-C45016B5B1DF}.Release|Any CPU.Build.0 = Release|Any CPU
		{CFE05D80-FC1F-FF5D-7D69-D1869FD51641}.Debug|Any CPU.ActiveCfg = Debug|Any CPU
		{CFE05D80-FC1F-FF5D-7D69-D1869FD51641}.Debug|Any CPU.Build.0 = Debug|Any CPU
		{CFE05D80-FC1F-FF5D-7D69-D1869FD51641}.Release|Any CPU.ActiveCfg = Release|Any CPU
		{CFE05D80-FC1F-FF5D-7D69-D1869FD51641}.Release|Any CPU.Build.0 = Release|Any CPU
		{B6447604-0085-1587-A685-50F51FD8DC9D}.Debug|Any CPU.ActiveCfg = Debug|Any CPU
		{B6447604-0085-1587-A685-50F51FD8DC9D}.Debug|Any CPU.Build.0 = Debug|Any CPU
		{B6447604-0085-1587-A685-50F51FD8DC9D}.Release|Any CPU.ActiveCfg = Release|Any CPU
		{B6447604-0085-1587-A685-50F51FD8DC9D}.Release|Any CPU.Build.0 = Release|Any CPU
		{BE9F8B10-F7D5-2737-175A-2A4CC69A4750}.Debug|Any CPU.ActiveCfg = Debug|Any CPU
		{BE9F8B10-F7D5-2737-175A-2A4CC69A4750}.Debug|Any CPU.Build.0 = Debug|Any CPU
		{BE9F8B10-F7D5-2737-175A-2A4CC69A4750}.Release|Any CPU.ActiveCfg = Release|Any CPU
		{BE9F8B10-F7D5-2737-175A-2A4CC69A4750}.Release|Any CPU.Build.0 = Release|Any CPU
		{38E5FA5C-28EC-E666-DCD0-62449CC2C501}.Debug|Any CPU.ActiveCfg = Debug|Any CPU
		{38E5FA5C-28EC-E666-DCD0-62449CC2C501}.Debug|Any CPU.Build.0 = Debug|Any CPU
		{38E5FA5C-28EC-E666-DCD0-62449CC2C501}.Release|Any CPU.ActiveCfg = Release|Any CPU
		{38E5FA5C-28EC-E666-DCD0-62449CC2C501}.Release|Any CPU.Build.0 = Release|Any CPU
		{ED177957-83D0-5CFC-AEAD-2FD6E518BE92}.Debug|Any CPU.ActiveCfg = Debug|Any CPU
		{ED177957-83D0-5CFC-AEAD-2FD6E518BE92}.Debug|Any CPU.Build.0 = Debug|Any CPU
		{ED177957-83D0-5CFC-AEAD-2FD6E518BE92}.Release|Any CPU.ActiveCfg = Release|Any CPU
		{ED177957-83D0-5CFC-AEAD-2FD6E518BE92}.Release|Any CPU.Build.0 = Release|Any CPU
		{D3D7954C-947B-9478-6C4E-BB06B21C0977}.Debug|Any CPU.ActiveCfg = Debug|Any CPU
		{D3D7954C-947B-9478-6C4E-BB06B21C0977}.Debug|Any CPU.Build.0 = Debug|Any CPU
		{D3D7954C-947B-9478-6C4E-BB06B21C0977}.Release|Any CPU.ActiveCfg = Release|Any CPU
		{D3D7954C-947B-9478-6C4E-BB06B21C0977}.Release|Any CPU.Build.0 = Release|Any CPU
		{B86A6AA4-7C17-AC6F-4ACA-45540F67476F}.Debug|Any CPU.ActiveCfg = Debug|Any CPU
		{B86A6AA4-7C17-AC6F-4ACA-45540F67476F}.Debug|Any CPU.Build.0 = Debug|Any CPU
		{B86A6AA4-7C17-AC6F-4ACA-45540F67476F}.Release|Any CPU.ActiveCfg = Release|Any CPU
		{B86A6AA4-7C17-AC6F-4ACA-45540F67476F}.Release|Any CPU.Build.0 = Release|Any CPU
		{C819761D-A1F5-9B74-4F1A-B4B81FB3125A}.Debug|Any CPU.ActiveCfg = Debug|Any CPU
		{C819761D-A1F5-9B74-4F1A-B4B81FB3125A}.Debug|Any CPU.Build.0 = Debug|Any CPU
		{C819761D-A1F5-9B74-4F1A-B4B81FB3125A}.Release|Any CPU.ActiveCfg = Release|Any CPU
		{C819761D-A1F5-9B74-4F1A-B4B81FB3125A}.Release|Any CPU.Build.0 = Release|Any CPU
		{E6861F71-3D8B-CF8C-430B-DAA3ECA27814}.Debug|Any CPU.ActiveCfg = Debug|Any CPU
		{E6861F71-3D8B-CF8C-430B-DAA3ECA27814}.Debug|Any CPU.Build.0 = Debug|Any CPU
		{E6861F71-3D8B-CF8C-430B-DAA3ECA27814}.Release|Any CPU.ActiveCfg = Release|Any CPU
		{E6861F71-3D8B-CF8C-430B-DAA3ECA27814}.Release|Any CPU.Build.0 = Release|Any CPU
		{0E12ECD0-EF10-AE9E-00E1-08FDD2D694A8}.Debug|Any CPU.ActiveCfg = Debug|Any CPU
		{0E12ECD0-EF10-AE9E-00E1-08FDD2D694A8}.Debug|Any CPU.Build.0 = Debug|Any CPU
		{0E12ECD0-EF10-AE9E-00E1-08FDD2D694A8}.Release|Any CPU.ActiveCfg = Release|Any CPU
		{0E12ECD0-EF10-AE9E-00E1-08FDD2D694A8}.Release|Any CPU.Build.0 = Release|Any CPU
		{CBC9F0A9-3D58-BB77-AA86-6E248FAF0D70}.Debug|Any CPU.ActiveCfg = Debug|Any CPU
		{CBC9F0A9-3D58-BB77-AA86-6E248FAF0D70}.Debug|Any CPU.Build.0 = Debug|Any CPU
		{CBC9F0A9-3D58-BB77-AA86-6E248FAF0D70}.Release|Any CPU.ActiveCfg = Release|Any CPU
		{CBC9F0A9-3D58-BB77-AA86-6E248FAF0D70}.Release|Any CPU.Build.0 = Release|Any CPU
		{86BC122F-91E8-39DD-CDBE-CC2FAA4ACD98}.Debug|Any CPU.ActiveCfg = Debug|Any CPU
		{86BC122F-91E8-39DD-CDBE-CC2FAA4ACD98}.Debug|Any CPU.Build.0 = Debug|Any CPU
		{86BC122F-91E8-39DD-CDBE-CC2FAA4ACD98}.Release|Any CPU.ActiveCfg = Release|Any CPU
		{86BC122F-91E8-39DD-CDBE-CC2FAA4ACD98}.Release|Any CPU.Build.0 = Release|Any CPU
		{C23ED291-8A1B-8A0B-4F99-A0923D8C0837}.Debug|Any CPU.ActiveCfg = Debug|Any CPU
		{C23ED291-8A1B-8A0B-4F99-A0923D8C0837}.Debug|Any CPU.Build.0 = Debug|Any CPU
		{C23ED291-8A1B-8A0B-4F99-A0923D8C0837}.Release|Any CPU.ActiveCfg = Release|Any CPU
		{C23ED291-8A1B-8A0B-4F99-A0923D8C0837}.Release|Any CPU.Build.0 = Release|Any CPU
		{20476858-5D0B-23D7-A1D4-B46F485FE0A3}.Debug|Any CPU.ActiveCfg = Debug|Any CPU
		{20476858-5D0B-23D7-A1D4-B46F485FE0A3}.Debug|Any CPU.Build.0 = Debug|Any CPU
		{20476858-5D0B-23D7-A1D4-B46F485FE0A3}.Release|Any CPU.ActiveCfg = Release|Any CPU
		{20476858-5D0B-23D7-A1D4-B46F485FE0A3}.Release|Any CPU.Build.0 = Release|Any CPU
		{1B5FB96E-F789-82E6-A27D-18B4AB80A860}.Debug|Any CPU.ActiveCfg = Debug|Any CPU
		{1B5FB96E-F789-82E6-A27D-18B4AB80A860}.Debug|Any CPU.Build.0 = Debug|Any CPU
		{1B5FB96E-F789-82E6-A27D-18B4AB80A860}.Release|Any CPU.ActiveCfg = Release|Any CPU
		{1B5FB96E-F789-82E6-A27D-18B4AB80A860}.Release|Any CPU.Build.0 = Release|Any CPU
		{5E6A0CCA-9BD7-7654-07B4-5767B9B7CBD4}.Debug|Any CPU.ActiveCfg = Debug|Any CPU
		{5E6A0CCA-9BD7-7654-07B4-5767B9B7CBD4}.Debug|Any CPU.Build.0 = Debug|Any CPU
		{5E6A0CCA-9BD7-7654-07B4-5767B9B7CBD4}.Release|Any CPU.ActiveCfg = Release|Any CPU
		{5E6A0CCA-9BD7-7654-07B4-5767B9B7CBD4}.Release|Any CPU.Build.0 = Release|Any CPU
		{FB31476F-CBBE-2010-A561-27B9C28CABD8}.Debug|Any CPU.ActiveCfg = Debug|Any CPU
		{FB31476F-CBBE-2010-A561-27B9C28CABD8}.Debug|Any CPU.Build.0 = Debug|Any CPU
		{FB31476F-CBBE-2010-A561-27B9C28CABD8}.Release|Any CPU.ActiveCfg = Release|Any CPU
		{FB31476F-CBBE-2010-A561-27B9C28CABD8}.Release|Any CPU.Build.0 = Release|Any CPU
		{7063C550-41C9-E7D3-3136-D7A14AF34780}.Debug|Any CPU.ActiveCfg = Debug|Any CPU
		{7063C550-41C9-E7D3-3136-D7A14AF34780}.Debug|Any CPU.Build.0 = Debug|Any CPU
		{7063C550-41C9-E7D3-3136-D7A14AF34780}.Release|Any CPU.ActiveCfg = Release|Any CPU
		{7063C550-41C9-E7D3-3136-D7A14AF34780}.Release|Any CPU.Build.0 = Release|Any CPU
		{27B400D6-016E-7606-7BE1-3135B378B9C3}.Debug|Any CPU.ActiveCfg = Debug|Any CPU
		{27B400D6-016E-7606-7BE1-3135B378B9C3}.Debug|Any CPU.Build.0 = Debug|Any CPU
		{27B400D6-016E-7606-7BE1-3135B378B9C3}.Release|Any CPU.ActiveCfg = Release|Any CPU
		{27B400D6-016E-7606-7BE1-3135B378B9C3}.Release|Any CPU.Build.0 = Release|Any CPU
		{D1FC8D73-EE82-6C71-E49C-F470691D45CD}.Debug|Any CPU.ActiveCfg = Debug|Any CPU
		{D1FC8D73-EE82-6C71-E49C-F470691D45CD}.Debug|Any CPU.Build.0 = Debug|Any CPU
		{D1FC8D73-EE82-6C71-E49C-F470691D45CD}.Release|Any CPU.ActiveCfg = Release|Any CPU
		{D1FC8D73-EE82-6C71-E49C-F470691D45CD}.Release|Any CPU.Build.0 = Release|Any CPU
		{D1D5E923-8E9E-67E1-D77A-AA5D206302D4}.Debug|Any CPU.ActiveCfg = Debug|Any CPU
		{D1D5E923-8E9E-67E1-D77A-AA5D206302D4}.Debug|Any CPU.Build.0 = Debug|Any CPU
		{D1D5E923-8E9E-67E1-D77A-AA5D206302D4}.Release|Any CPU.ActiveCfg = Release|Any CPU
		{D1D5E923-8E9E-67E1-D77A-AA5D206302D4}.Release|Any CPU.Build.0 = Release|Any CPU
	EndGlobalSection
	GlobalSection(SolutionProperties) = preSolution
		HideSolutionNode = FALSE
	EndGlobalSection
EndGlobal
